// !$*UTF8*$!
{
	archiveVersion = 1;
	classes = {
	};
	objectVersion = 55;
	objects = {

/* Begin PBXBuildFile section */
		28378E2627EDB45C0000F8F0 /* AppDelegate.swift in Sources */ = {isa = PBXBuildFile; fileRef = 28378E2527EDB45C0000F8F0 /* AppDelegate.swift */; };
		28378E2827EDB45C0000F8F0 /* SceneDelegate.swift in Sources */ = {isa = PBXBuildFile; fileRef = 28378E2727EDB45C0000F8F0 /* SceneDelegate.swift */; };
		28378E2A27EDB45C0000F8F0 /* ReminderListViewController.swift in Sources */ = {isa = PBXBuildFile; fileRef = 28378E2927EDB45C0000F8F0 /* ReminderListViewController.swift */; };
		28378E2D27EDB45C0000F8F0 /* Main.storyboard in Resources */ = {isa = PBXBuildFile; fileRef = 28378E2B27EDB45C0000F8F0 /* Main.storyboard */; };
		28378E2F27EDB4620000F8F0 /* Assets.xcassets in Resources */ = {isa = PBXBuildFile; fileRef = 28378E2E27EDB4620000F8F0 /* Assets.xcassets */; };
		28378E3227EDB4620000F8F0 /* LaunchScreen.storyboard in Resources */ = {isa = PBXBuildFile; fileRef = 28378E3027EDB4620000F8F0 /* LaunchScreen.storyboard */; };
		28378E3D27EDB4630000F8F0 /* TodayTests.swift in Sources */ = {isa = PBXBuildFile; fileRef = 28378E3C27EDB4630000F8F0 /* TodayTests.swift */; };
		28378E4727EDB4630000F8F0 /* TodayUITests.swift in Sources */ = {isa = PBXBuildFile; fileRef = 28378E4627EDB4630000F8F0 /* TodayUITests.swift */; };
		28378E4927EDB4630000F8F0 /* TodayUITestsLaunchTests.swift in Sources */ = {isa = PBXBuildFile; fileRef = 28378E4827EDB4630000F8F0 /* TodayUITestsLaunchTests.swift */; };
		2851A92627F2F436008B9184 /* ReminderDoneButton.swift in Sources */ = {isa = PBXBuildFile; fileRef = 2851A92527F2F436008B9184 /* ReminderDoneButton.swift */; };
		2851A92827F2F56A008B9184 /* ReminderListViewController+Actions.swift in Sources */ = {isa = PBXBuildFile; fileRef = 2851A92727F2F56A008B9184 /* ReminderListViewController+Actions.swift */; };
		2851A92E27F33CA5008B9184 /* Assets.swift in Sources */ = {isa = PBXBuildFile; fileRef = 2851A92C27F33CA5008B9184 /* Assets.swift */; };
		2851A92F27F33CA5008B9184 /* Strings.swift in Sources */ = {isa = PBXBuildFile; fileRef = 2851A92D27F33CA5008B9184 /* Strings.swift */; };
		28DAE87127F3503400EDE8CB /* Localizable.strings in Resources */ = {isa = PBXBuildFile; fileRef = 28DAE87327F3503400EDE8CB /* Localizable.strings */; };
		28F1B68B27EE1C390070DB3D /* Reminder.swift in Sources */ = {isa = PBXBuildFile; fileRef = 28F1B68A27EE1C390070DB3D /* Reminder.swift */; };
		28F1B68D27EEE0270070DB3D /* Date+Today.swift in Sources */ = {isa = PBXBuildFile; fileRef = 28F1B68C27EEE0270070DB3D /* Date+Today.swift */; };
		28F1B69027EEE8AD0070DB3D /* ReminderListViewController+DataSource.swift in Sources */ = {isa = PBXBuildFile; fileRef = 28F1B68F27EEE8AD0070DB3D /* ReminderListViewController+DataSource.swift */; };
/* End PBXBuildFile section */

/* Begin PBXContainerItemProxy section */
		28378E3927EDB4630000F8F0 /* PBXContainerItemProxy */ = {
			isa = PBXContainerItemProxy;
			containerPortal = 28378E1A27EDB45C0000F8F0 /* Project object */;
			proxyType = 1;
			remoteGlobalIDString = 28378E2127EDB45C0000F8F0;
			remoteInfo = Today;
		};
		28378E4327EDB4630000F8F0 /* PBXContainerItemProxy */ = {
			isa = PBXContainerItemProxy;
			containerPortal = 28378E1A27EDB45C0000F8F0 /* Project object */;
			proxyType = 1;
			remoteGlobalIDString = 28378E2127EDB45C0000F8F0;
			remoteInfo = Today;
		};
/* End PBXContainerItemProxy section */

/* Begin PBXFileReference section */
		28378E2227EDB45C0000F8F0 /* Today.app */ = {isa = PBXFileReference; explicitFileType = wrapper.application; includeInIndex = 0; path = Today.app; sourceTree = BUILT_PRODUCTS_DIR; };
		28378E2527EDB45C0000F8F0 /* AppDelegate.swift */ = {isa = PBXFileReference; lastKnownFileType = sourcecode.swift; path = AppDelegate.swift; sourceTree = "<group>"; };
		28378E2727EDB45C0000F8F0 /* SceneDelegate.swift */ = {isa = PBXFileReference; lastKnownFileType = sourcecode.swift; path = SceneDelegate.swift; sourceTree = "<group>"; };
		28378E2927EDB45C0000F8F0 /* ReminderListViewController.swift */ = {isa = PBXFileReference; lastKnownFileType = sourcecode.swift; path = ReminderListViewController.swift; sourceTree = "<group>"; };
		28378E2C27EDB45C0000F8F0 /* Base */ = {isa = PBXFileReference; lastKnownFileType = file.storyboard; name = Base; path = Base.lproj/Main.storyboard; sourceTree = "<group>"; };
		28378E2E27EDB4620000F8F0 /* Assets.xcassets */ = {isa = PBXFileReference; lastKnownFileType = folder.assetcatalog; path = Assets.xcassets; sourceTree = "<group>"; };
		28378E3127EDB4620000F8F0 /* Base */ = {isa = PBXFileReference; lastKnownFileType = file.storyboard; name = Base; path = Base.lproj/LaunchScreen.storyboard; sourceTree = "<group>"; };
		28378E3327EDB4620000F8F0 /* Info.plist */ = {isa = PBXFileReference; lastKnownFileType = text.plist.xml; path = Info.plist; sourceTree = "<group>"; };
		28378E3827EDB4630000F8F0 /* TodayTests.xctest */ = {isa = PBXFileReference; explicitFileType = wrapper.cfbundle; includeInIndex = 0; path = TodayTests.xctest; sourceTree = BUILT_PRODUCTS_DIR; };
		28378E3C27EDB4630000F8F0 /* TodayTests.swift */ = {isa = PBXFileReference; lastKnownFileType = sourcecode.swift; path = TodayTests.swift; sourceTree = "<group>"; };
		28378E4227EDB4630000F8F0 /* TodayUITests.xctest */ = {isa = PBXFileReference; explicitFileType = wrapper.cfbundle; includeInIndex = 0; path = TodayUITests.xctest; sourceTree = BUILT_PRODUCTS_DIR; };
		28378E4627EDB4630000F8F0 /* TodayUITests.swift */ = {isa = PBXFileReference; lastKnownFileType = sourcecode.swift; path = TodayUITests.swift; sourceTree = "<group>"; };
		28378E4827EDB4630000F8F0 /* TodayUITestsLaunchTests.swift */ = {isa = PBXFileReference; lastKnownFileType = sourcecode.swift; path = TodayUITestsLaunchTests.swift; sourceTree = "<group>"; };
		2851A92527F2F436008B9184 /* ReminderDoneButton.swift */ = {isa = PBXFileReference; lastKnownFileType = sourcecode.swift; path = ReminderDoneButton.swift; sourceTree = "<group>"; };
		2851A92727F2F56A008B9184 /* ReminderListViewController+Actions.swift */ = {isa = PBXFileReference; lastKnownFileType = sourcecode.swift; path = "ReminderListViewController+Actions.swift"; sourceTree = "<group>"; };
		2851A92C27F33CA5008B9184 /* Assets.swift */ = {isa = PBXFileReference; fileEncoding = 4; lastKnownFileType = sourcecode.swift; path = Assets.swift; sourceTree = "<group>"; };
		2851A92D27F33CA5008B9184 /* Strings.swift */ = {isa = PBXFileReference; fileEncoding = 4; lastKnownFileType = sourcecode.swift; path = Strings.swift; sourceTree = "<group>"; };
		28DAE87227F3503400EDE8CB /* en */ = {isa = PBXFileReference; lastKnownFileType = text.plist.strings; name = en; path = en.lproj/Localizable.strings; sourceTree = "<group>"; };
		28DAE87427F3505F00EDE8CB /* ja */ = {isa = PBXFileReference; lastKnownFileType = text.plist.strings; name = ja; path = ja.lproj/Localizable.strings; sourceTree = "<group>"; };
		28F1B68A27EE1C390070DB3D /* Reminder.swift */ = {isa = PBXFileReference; lastKnownFileType = sourcecode.swift; path = Reminder.swift; sourceTree = "<group>"; };
		28F1B68C27EEE0270070DB3D /* Date+Today.swift */ = {isa = PBXFileReference; lastKnownFileType = sourcecode.swift; path = "Date+Today.swift"; sourceTree = "<group>"; };
		28F1B68F27EEE8AD0070DB3D /* ReminderListViewController+DataSource.swift */ = {isa = PBXFileReference; lastKnownFileType = sourcecode.swift; path = "ReminderListViewController+DataSource.swift"; sourceTree = "<group>"; };
/* End PBXFileReference section */

/* Begin PBXFrameworksBuildPhase section */
		28378E1F27EDB45C0000F8F0 /* Frameworks */ = {
			isa = PBXFrameworksBuildPhase;
			buildActionMask = 2147483647;
			files = (
			);
			runOnlyForDeploymentPostprocessing = 0;
		};
		28378E3527EDB4630000F8F0 /* Frameworks */ = {
			isa = PBXFrameworksBuildPhase;
			buildActionMask = 2147483647;
			files = (
			);
			runOnlyForDeploymentPostprocessing = 0;
		};
		28378E3F27EDB4630000F8F0 /* Frameworks */ = {
			isa = PBXFrameworksBuildPhase;
			buildActionMask = 2147483647;
			files = (
			);
			runOnlyForDeploymentPostprocessing = 0;
		};
/* End PBXFrameworksBuildPhase section */

/* Begin PBXGroup section */
		28378E1927EDB45C0000F8F0 = {
			isa = PBXGroup;
			children = (
				28378E2427EDB45C0000F8F0 /* Today */,
				28378E3B27EDB4630000F8F0 /* TodayTests */,
				28378E4527EDB4630000F8F0 /* TodayUITests */,
				28378E2327EDB45C0000F8F0 /* Products */,
			);
			sourceTree = "<group>";
		};
		28378E2327EDB45C0000F8F0 /* Products */ = {
			isa = PBXGroup;
			children = (
				28378E2227EDB45C0000F8F0 /* Today.app */,
				28378E3827EDB4630000F8F0 /* TodayTests.xctest */,
				28378E4227EDB4630000F8F0 /* TodayUITests.xctest */,
			);
			name = Products;
			sourceTree = "<group>";
		};
		28378E2427EDB45C0000F8F0 /* Today */ = {
			isa = PBXGroup;
			children = (
				2851A92A27F311E9008B9184 /* Resources */,
				2851A92927F311BA008B9184 /* Generated */,
				28F1B68927EE1BB70070DB3D /* Models */,
				28378E2527EDB45C0000F8F0 /* AppDelegate.swift */,
				28378E2727EDB45C0000F8F0 /* SceneDelegate.swift */,
				28F1B68E27EEE8700070DB3D /* ListViewController */,
				28378E2B27EDB45C0000F8F0 /* Main.storyboard */,
				28378E3027EDB4620000F8F0 /* LaunchScreen.storyboard */,
				28378E3327EDB4620000F8F0 /* Info.plist */,
			);
			path = Today;
			sourceTree = "<group>";
		};
		28378E3B27EDB4630000F8F0 /* TodayTests */ = {
			isa = PBXGroup;
			children = (
				28378E3C27EDB4630000F8F0 /* TodayTests.swift */,
			);
			path = TodayTests;
			sourceTree = "<group>";
		};
		28378E4527EDB4630000F8F0 /* TodayUITests */ = {
			isa = PBXGroup;
			children = (
				28378E4627EDB4630000F8F0 /* TodayUITests.swift */,
				28378E4827EDB4630000F8F0 /* TodayUITestsLaunchTests.swift */,
			);
			path = TodayUITests;
			sourceTree = "<group>";
		};
		2851A92927F311BA008B9184 /* Generated */ = {
			isa = PBXGroup;
			children = (
				2851A92C27F33CA5008B9184 /* Assets.swift */,
				2851A92D27F33CA5008B9184 /* Strings.swift */,
			);
			path = Generated;
			sourceTree = "<group>";
		};
		2851A92A27F311E9008B9184 /* Resources */ = {
			isa = PBXGroup;
			children = (
				28378E2E27EDB4620000F8F0 /* Assets.xcassets */,
				28DAE87327F3503400EDE8CB /* Localizable.strings */,
			);
			path = Resources;
			sourceTree = "<group>";
		};
		28F1B68927EE1BB70070DB3D /* Models */ = {
			isa = PBXGroup;
			children = (
				28F1B68A27EE1C390070DB3D /* Reminder.swift */,
				28F1B68C27EEE0270070DB3D /* Date+Today.swift */,
			);
			path = Models;
			sourceTree = "<group>";
		};
		28F1B68E27EEE8700070DB3D /* ListViewController */ = {
			isa = PBXGroup;
			children = (
				28378E2927EDB45C0000F8F0 /* ReminderListViewController.swift */,
				28F1B68F27EEE8AD0070DB3D /* ReminderListViewController+DataSource.swift */,
				2851A92727F2F56A008B9184 /* ReminderListViewController+Actions.swift */,
				2851A92527F2F436008B9184 /* ReminderDoneButton.swift */,
			);
			path = ListViewController;
			sourceTree = "<group>";
		};
/* End PBXGroup section */

/* Begin PBXNativeTarget section */
		28378E2127EDB45C0000F8F0 /* Today */ = {
			isa = PBXNativeTarget;
			buildConfigurationList = 28378E4C27EDB4630000F8F0 /* Build configuration list for PBXNativeTarget "Today" */;
			buildPhases = (
				2851A92B27F31448008B9184 /* Run Script SwiftGen */,
				28378E5627EDB9890000F8F0 /* Run Script SwiftFormat */,
				28378E1E27EDB45C0000F8F0 /* Sources */,
				28378E1F27EDB45C0000F8F0 /* Frameworks */,
				28378E2027EDB45C0000F8F0 /* Resources */,
			);
			buildRules = (
			);
			dependencies = (
			);
			name = Today;
			packageProductDependencies = (
			);
			productName = Today;
			productReference = 28378E2227EDB45C0000F8F0 /* Today.app */;
			productType = "com.apple.product-type.application";
		};
		28378E3727EDB4630000F8F0 /* TodayTests */ = {
			isa = PBXNativeTarget;
			buildConfigurationList = 28378E4F27EDB4630000F8F0 /* Build configuration list for PBXNativeTarget "TodayTests" */;
			buildPhases = (
				28378E3427EDB4630000F8F0 /* Sources */,
				28378E3527EDB4630000F8F0 /* Frameworks */,
				28378E3627EDB4630000F8F0 /* Resources */,
			);
			buildRules = (
			);
			dependencies = (
				28378E3A27EDB4630000F8F0 /* PBXTargetDependency */,
			);
			name = TodayTests;
			productName = TodayTests;
			productReference = 28378E3827EDB4630000F8F0 /* TodayTests.xctest */;
			productType = "com.apple.product-type.bundle.unit-test";
		};
		28378E4127EDB4630000F8F0 /* TodayUITests */ = {
			isa = PBXNativeTarget;
			buildConfigurationList = 28378E5227EDB4630000F8F0 /* Build configuration list for PBXNativeTarget "TodayUITests" */;
			buildPhases = (
				28378E3E27EDB4630000F8F0 /* Sources */,
				28378E3F27EDB4630000F8F0 /* Frameworks */,
				28378E4027EDB4630000F8F0 /* Resources */,
			);
			buildRules = (
			);
			dependencies = (
				28378E4427EDB4630000F8F0 /* PBXTargetDependency */,
			);
			name = TodayUITests;
			productName = TodayUITests;
			productReference = 28378E4227EDB4630000F8F0 /* TodayUITests.xctest */;
			productType = "com.apple.product-type.bundle.ui-testing";
		};
/* End PBXNativeTarget section */

/* Begin PBXProject section */
		28378E1A27EDB45C0000F8F0 /* Project object */ = {
			isa = PBXProject;
			attributes = {
				BuildIndependentTargetsInParallel = 1;
				LastSwiftUpdateCheck = 1320;
				LastUpgradeCheck = 1320;
				TargetAttributes = {
					28378E2127EDB45C0000F8F0 = {
						CreatedOnToolsVersion = 13.2.1;
					};
					28378E3727EDB4630000F8F0 = {
						CreatedOnToolsVersion = 13.2.1;
						TestTargetID = 28378E2127EDB45C0000F8F0;
					};
					28378E4127EDB4630000F8F0 = {
						CreatedOnToolsVersion = 13.2.1;
						TestTargetID = 28378E2127EDB45C0000F8F0;
					};
				};
			};
			buildConfigurationList = 28378E1D27EDB45C0000F8F0 /* Build configuration list for PBXProject "Today" */;
			compatibilityVersion = "Xcode 13.0";
			developmentRegion = en;
			hasScannedForEncodings = 0;
			knownRegions = (
				en,
				Base,
				ja,
			);
			mainGroup = 28378E1927EDB45C0000F8F0;
			packageReferences = (
			);
			productRefGroup = 28378E2327EDB45C0000F8F0 /* Products */;
			projectDirPath = "";
			projectRoot = "";
			targets = (
				28378E2127EDB45C0000F8F0 /* Today */,
				28378E3727EDB4630000F8F0 /* TodayTests */,
				28378E4127EDB4630000F8F0 /* TodayUITests */,
			);
		};
/* End PBXProject section */

/* Begin PBXResourcesBuildPhase section */
		28378E2027EDB45C0000F8F0 /* Resources */ = {
			isa = PBXResourcesBuildPhase;
			buildActionMask = 2147483647;
			files = (
				28378E3227EDB4620000F8F0 /* LaunchScreen.storyboard in Resources */,
				28DAE87127F3503400EDE8CB /* Localizable.strings in Resources */,
				28378E2F27EDB4620000F8F0 /* Assets.xcassets in Resources */,
				28378E2D27EDB45C0000F8F0 /* Main.storyboard in Resources */,
			);
			runOnlyForDeploymentPostprocessing = 0;
		};
		28378E3627EDB4630000F8F0 /* Resources */ = {
			isa = PBXResourcesBuildPhase;
			buildActionMask = 2147483647;
			files = (
			);
			runOnlyForDeploymentPostprocessing = 0;
		};
		28378E4027EDB4630000F8F0 /* Resources */ = {
			isa = PBXResourcesBuildPhase;
			buildActionMask = 2147483647;
			files = (
			);
			runOnlyForDeploymentPostprocessing = 0;
		};
/* End PBXResourcesBuildPhase section */

/* Begin PBXShellScriptBuildPhase section */
		28378E5627EDB9890000F8F0 /* Run Script SwiftFormat */ = {
			isa = PBXShellScriptBuildPhase;
			buildActionMask = 2147483647;
			files = (
			);
			inputFileListPaths = (
			);
			inputPaths = (
			);
			name = "Run Script SwiftFormat";
			outputFileListPaths = (
			);
			outputPaths = (
			);
			runOnlyForDeploymentPostprocessing = 0;
			shellPath = /bin/sh;
			shellScript = "cd BuildTools\nSDKROOT=(xcrun --sdk macosx --show-sdk-path)\n#swift package update #Uncomment this line temporarily to update the version used to the latest matching your BuildTools/Package.swift file\nswift run -c release swiftformat \"$SRCROOT\"\n";
		};
		2851A92B27F31448008B9184 /* Run Script SwiftGen */ = {
			isa = PBXShellScriptBuildPhase;
			buildActionMask = 2147483647;
			files = (
			);
			inputFileListPaths = (
			);
			inputPaths = (
			);
			name = "Run Script SwiftGen";
			outputFileListPaths = (
			);
			outputPaths = (
			);
			runOnlyForDeploymentPostprocessing = 0;
			shellPath = /bin/sh;
			shellScript = "cd BuildTools\nSDKROOT=(xcrun --sdk macosx --show-sdk-path)\n#swift package update #Uncomment this line temporarily to update the version used to the latest matching your BuildTools/Package.swift file\nswift run -c release swiftgen\n";
		};
/* End PBXShellScriptBuildPhase section */

/* Begin PBXSourcesBuildPhase section */
		28378E1E27EDB45C0000F8F0 /* Sources */ = {
			isa = PBXSourcesBuildPhase;
			buildActionMask = 2147483647;
			files = (
				2851A92827F2F56A008B9184 /* ReminderListViewController+Actions.swift in Sources */,
				28378E2A27EDB45C0000F8F0 /* ReminderListViewController.swift in Sources */,
				2851A92F27F33CA5008B9184 /* Strings.swift in Sources */,
				28F1B68D27EEE0270070DB3D /* Date+Today.swift in Sources */,
				28378E2627EDB45C0000F8F0 /* AppDelegate.swift in Sources */,
				28378E2827EDB45C0000F8F0 /* SceneDelegate.swift in Sources */,
				28F1B68B27EE1C390070DB3D /* Reminder.swift in Sources */,
				2851A92627F2F436008B9184 /* ReminderDoneButton.swift in Sources */,
				28F1B69027EEE8AD0070DB3D /* ReminderListViewController+DataSource.swift in Sources */,
				2851A92E27F33CA5008B9184 /* Assets.swift in Sources */,
			);
			runOnlyForDeploymentPostprocessing = 0;
		};
		28378E3427EDB4630000F8F0 /* Sources */ = {
			isa = PBXSourcesBuildPhase;
			buildActionMask = 2147483647;
			files = (
				28378E3D27EDB4630000F8F0 /* TodayTests.swift in Sources */,
			);
			runOnlyForDeploymentPostprocessing = 0;
		};
		28378E3E27EDB4630000F8F0 /* Sources */ = {
			isa = PBXSourcesBuildPhase;
			buildActionMask = 2147483647;
			files = (
				28378E4927EDB4630000F8F0 /* TodayUITestsLaunchTests.swift in Sources */,
				28378E4727EDB4630000F8F0 /* TodayUITests.swift in Sources */,
			);
			runOnlyForDeploymentPostprocessing = 0;
		};
/* End PBXSourcesBuildPhase section */

/* Begin PBXTargetDependency section */
		28378E3A27EDB4630000F8F0 /* PBXTargetDependency */ = {
			isa = PBXTargetDependency;
			target = 28378E2127EDB45C0000F8F0 /* Today */;
			targetProxy = 28378E3927EDB4630000F8F0 /* PBXContainerItemProxy */;
		};
		28378E4427EDB4630000F8F0 /* PBXTargetDependency */ = {
			isa = PBXTargetDependency;
			target = 28378E2127EDB45C0000F8F0 /* Today */;
			targetProxy = 28378E4327EDB4630000F8F0 /* PBXContainerItemProxy */;
		};
/* End PBXTargetDependency section */

/* Begin PBXVariantGroup section */
		28378E2B27EDB45C0000F8F0 /* Main.storyboard */ = {
			isa = PBXVariantGroup;
			children = (
				28378E2C27EDB45C0000F8F0 /* Base */,
			);
			name = Main.storyboard;
			sourceTree = "<group>";
		};
		28378E3027EDB4620000F8F0 /* LaunchScreen.storyboard */ = {
			isa = PBXVariantGroup;
			children = (
				28378E3127EDB4620000F8F0 /* Base */,
			);
			name = LaunchScreen.storyboard;
			sourceTree = "<group>";
		};
		28DAE87327F3503400EDE8CB /* Localizable.strings */ = {
			isa = PBXVariantGroup;
			children = (
				28DAE87227F3503400EDE8CB /* en */,
				28DAE87427F3505F00EDE8CB /* ja */,
			);
			name = Localizable.strings;
			sourceTree = "<group>";
		};
/* End PBXVariantGroup section */

/* Begin XCBuildConfiguration section */
		28378E4A27EDB4630000F8F0 /* Debug */ = {
			isa = XCBuildConfiguration;
			buildSettings = {
				ALWAYS_SEARCH_USER_PATHS = NO;
				CLANG_ANALYZER_LOCALIZABILITY_NONLOCALIZED = YES;
				CLANG_ANALYZER_NONNULL = YES;
				CLANG_ANALYZER_NUMBER_OBJECT_CONVERSION = YES_AGGRESSIVE;
				CLANG_CXX_LANGUAGE_STANDARD = "gnu++17";
				CLANG_CXX_LIBRARY = "libc++";
				CLANG_ENABLE_MODULES = YES;
				CLANG_ENABLE_OBJC_ARC = YES;
				CLANG_ENABLE_OBJC_WEAK = YES;
				CLANG_WARN_BLOCK_CAPTURE_AUTORELEASING = YES;
				CLANG_WARN_BOOL_CONVERSION = YES;
				CLANG_WARN_COMMA = YES;
				CLANG_WARN_CONSTANT_CONVERSION = YES;
				CLANG_WARN_DEPRECATED_OBJC_IMPLEMENTATIONS = YES;
				CLANG_WARN_DIRECT_OBJC_ISA_USAGE = YES_ERROR;
				CLANG_WARN_DOCUMENTATION_COMMENTS = YES;
				CLANG_WARN_EMPTY_BODY = YES;
				CLANG_WARN_ENUM_CONVERSION = YES;
				CLANG_WARN_INFINITE_RECURSION = YES;
				CLANG_WARN_INT_CONVERSION = YES;
				CLANG_WARN_NON_LITERAL_NULL_CONVERSION = YES;
				CLANG_WARN_OBJC_IMPLICIT_RETAIN_SELF = YES;
				CLANG_WARN_OBJC_LITERAL_CONVERSION = YES;
				CLANG_WARN_OBJC_ROOT_CLASS = YES_ERROR;
				CLANG_WARN_QUOTED_INCLUDE_IN_FRAMEWORK_HEADER = YES;
				CLANG_WARN_RANGE_LOOP_ANALYSIS = YES;
				CLANG_WARN_STRICT_PROTOTYPES = YES;
				CLANG_WARN_SUSPICIOUS_MOVE = YES;
				CLANG_WARN_UNGUARDED_AVAILABILITY = YES_AGGRESSIVE;
				CLANG_WARN_UNREACHABLE_CODE = YES;
				CLANG_WARN__DUPLICATE_METHOD_MATCH = YES;
				COPY_PHASE_STRIP = NO;
				DEBUG_INFORMATION_FORMAT = dwarf;
				ENABLE_STRICT_OBJC_MSGSEND = YES;
				ENABLE_TESTABILITY = YES;
				GCC_C_LANGUAGE_STANDARD = gnu11;
				GCC_DYNAMIC_NO_PIC = NO;
				GCC_NO_COMMON_BLOCKS = YES;
				GCC_OPTIMIZATION_LEVEL = 0;
				GCC_PREPROCESSOR_DEFINITIONS = (
					"DEBUG=1",
					"$(inherited)",
				);
				GCC_WARN_64_TO_32_BIT_CONVERSION = YES;
				GCC_WARN_ABOUT_RETURN_TYPE = YES_ERROR;
				GCC_WARN_UNDECLARED_SELECTOR = YES;
				GCC_WARN_UNINITIALIZED_AUTOS = YES_AGGRESSIVE;
				GCC_WARN_UNUSED_FUNCTION = YES;
				GCC_WARN_UNUSED_VARIABLE = YES;
				IPHONEOS_DEPLOYMENT_TARGET = 15.2;
				MTL_ENABLE_DEBUG_INFO = INCLUDE_SOURCE;
				MTL_FAST_MATH = YES;
				ONLY_ACTIVE_ARCH = YES;
				SDKROOT = iphoneos;
				SWIFT_ACTIVE_COMPILATION_CONDITIONS = DEBUG;
				SWIFT_OPTIMIZATION_LEVEL = "-Onone";
			};
			name = Debug;
		};
		28378E4B27EDB4630000F8F0 /* Release */ = {
			isa = XCBuildConfiguration;
			buildSettings = {
				ALWAYS_SEARCH_USER_PATHS = NO;
				CLANG_ANALYZER_LOCALIZABILITY_NONLOCALIZED = YES;
				CLANG_ANALYZER_NONNULL = YES;
				CLANG_ANALYZER_NUMBER_OBJECT_CONVERSION = YES_AGGRESSIVE;
				CLANG_CXX_LANGUAGE_STANDARD = "gnu++17";
				CLANG_CXX_LIBRARY = "libc++";
				CLANG_ENABLE_MODULES = YES;
				CLANG_ENABLE_OBJC_ARC = YES;
				CLANG_ENABLE_OBJC_WEAK = YES;
				CLANG_WARN_BLOCK_CAPTURE_AUTORELEASING = YES;
				CLANG_WARN_BOOL_CONVERSION = YES;
				CLANG_WARN_COMMA = YES;
				CLANG_WARN_CONSTANT_CONVERSION = YES;
				CLANG_WARN_DEPRECATED_OBJC_IMPLEMENTATIONS = YES;
				CLANG_WARN_DIRECT_OBJC_ISA_USAGE = YES_ERROR;
				CLANG_WARN_DOCUMENTATION_COMMENTS = YES;
				CLANG_WARN_EMPTY_BODY = YES;
				CLANG_WARN_ENUM_CONVERSION = YES;
				CLANG_WARN_INFINITE_RECURSION = YES;
				CLANG_WARN_INT_CONVERSION = YES;
				CLANG_WARN_NON_LITERAL_NULL_CONVERSION = YES;
				CLANG_WARN_OBJC_IMPLICIT_RETAIN_SELF = YES;
				CLANG_WARN_OBJC_LITERAL_CONVERSION = YES;
				CLANG_WARN_OBJC_ROOT_CLASS = YES_ERROR;
				CLANG_WARN_QUOTED_INCLUDE_IN_FRAMEWORK_HEADER = YES;
				CLANG_WARN_RANGE_LOOP_ANALYSIS = YES;
				CLANG_WARN_STRICT_PROTOTYPES = YES;
				CLANG_WARN_SUSPICIOUS_MOVE = YES;
				CLANG_WARN_UNGUARDED_AVAILABILITY = YES_AGGRESSIVE;
				CLANG_WARN_UNREACHABLE_CODE = YES;
				CLANG_WARN__DUPLICATE_METHOD_MATCH = YES;
				COPY_PHASE_STRIP = NO;
				DEBUG_INFORMATION_FORMAT = "dwarf-with-dsym";
				ENABLE_NS_ASSERTIONS = NO;
				ENABLE_STRICT_OBJC_MSGSEND = YES;
				GCC_C_LANGUAGE_STANDARD = gnu11;
				GCC_NO_COMMON_BLOCKS = YES;
				GCC_WARN_64_TO_32_BIT_CONVERSION = YES;
				GCC_WARN_ABOUT_RETURN_TYPE = YES_ERROR;
				GCC_WARN_UNDECLARED_SELECTOR = YES;
				GCC_WARN_UNINITIALIZED_AUTOS = YES_AGGRESSIVE;
				GCC_WARN_UNUSED_FUNCTION = YES;
				GCC_WARN_UNUSED_VARIABLE = YES;
				IPHONEOS_DEPLOYMENT_TARGET = 15.2;
				MTL_ENABLE_DEBUG_INFO = NO;
				MTL_FAST_MATH = YES;
				SDKROOT = iphoneos;
				SWIFT_COMPILATION_MODE = wholemodule;
				SWIFT_OPTIMIZATION_LEVEL = "-O";
				VALIDATE_PRODUCT = YES;
			};
			name = Release;
		};
		28378E4D27EDB4630000F8F0 /* Debug */ = {
			isa = XCBuildConfiguration;
			buildSettings = {
				ASSETCATALOG_COMPILER_APPICON_NAME = AppIcon;
				ASSETCATALOG_COMPILER_GLOBAL_ACCENT_COLOR_NAME = AccentColor;
				CODE_SIGN_STYLE = Automatic;
				CURRENT_PROJECT_VERSION = 1;
				DEVELOPMENT_TEAM = D36U9R66JG;
				GENERATE_INFOPLIST_FILE = YES;
				INFOPLIST_FILE = Today/Info.plist;
				INFOPLIST_KEY_UIApplicationSupportsIndirectInputEvents = YES;
				INFOPLIST_KEY_UILaunchStoryboardName = LaunchScreen;
				INFOPLIST_KEY_UIMainStoryboardFile = Main;
				INFOPLIST_KEY_UISupportedInterfaceOrientations_iPad = "UIInterfaceOrientationPortrait UIInterfaceOrientationPortraitUpsideDown UIInterfaceOrientationLandscapeLeft UIInterfaceOrientationLandscapeRight";
				INFOPLIST_KEY_UISupportedInterfaceOrientations_iPhone = "UIInterfaceOrientationPortrait UIInterfaceOrientationLandscapeLeft UIInterfaceOrientationLandscapeRight";
				LD_RUNPATH_SEARCH_PATHS = (
					"$(inherited)",
					"@executable_path/Frameworks",
				);
				MARKETING_VERSION = 1.0;
				PRODUCT_BUNDLE_IDENTIFIER = "com.m-rn.Today";
				PRODUCT_NAME = "$(TARGET_NAME)";
				SWIFT_EMIT_LOC_STRINGS = YES;
				SWIFT_VERSION = 5.0;
				TARGETED_DEVICE_FAMILY = "1,2";
			};
			name = Debug;
		};
		28378E4E27EDB4630000F8F0 /* Release */ = {
			isa = XCBuildConfiguration;
			buildSettings = {
				ASSETCATALOG_COMPILER_APPICON_NAME = AppIcon;
				ASSETCATALOG_COMPILER_GLOBAL_ACCENT_COLOR_NAME = AccentColor;
				CODE_SIGN_STYLE = Automatic;
				CURRENT_PROJECT_VERSION = 1;
				DEVELOPMENT_TEAM = D36U9R66JG;
				GENERATE_INFOPLIST_FILE = YES;
				INFOPLIST_FILE = Today/Info.plist;
				INFOPLIST_KEY_UIApplicationSupportsIndirectInputEvents = YES;
				INFOPLIST_KEY_UILaunchStoryboardName = LaunchScreen;
				INFOPLIST_KEY_UIMainStoryboardFile = Main;
				INFOPLIST_KEY_UISupportedInterfaceOrientations_iPad = "UIInterfaceOrientationPortrait UIInterfaceOrientationPortraitUpsideDown UIInterfaceOrientationLandscapeLeft UIInterfaceOrientationLandscapeRight";
				INFOPLIST_KEY_UISupportedInterfaceOrientations_iPhone = "UIInterfaceOrientationPortrait UIInterfaceOrientationLandscapeLeft UIInterfaceOrientationLandscapeRight";
				LD_RUNPATH_SEARCH_PATHS = (
					"$(inherited)",
					"@executable_path/Frameworks",
				);
				MARKETING_VERSION = 1.0;
				PRODUCT_BUNDLE_IDENTIFIER = "com.m-rn.Today";
				PRODUCT_NAME = "$(TARGET_NAME)";
				SWIFT_EMIT_LOC_STRINGS = YES;
				SWIFT_VERSION = 5.0;
				TARGETED_DEVICE_FAMILY = "1,2";
			};
			name = Release;
		};
		28378E5027EDB4630000F8F0 /* Debug */ = {
			isa = XCBuildConfiguration;
			buildSettings = {
				ALWAYS_EMBED_SWIFT_STANDARD_LIBRARIES = YES;
				BUNDLE_LOADER = "$(TEST_HOST)";
				CODE_SIGN_STYLE = Automatic;
				CURRENT_PROJECT_VERSION = 1;
				DEVELOPMENT_TEAM = D36U9R66JG;
				GENERATE_INFOPLIST_FILE = YES;
				IPHONEOS_DEPLOYMENT_TARGET = 15.2;
				MARKETING_VERSION = 1.0;
				PRODUCT_BUNDLE_IDENTIFIER = "com.m-rn.TodayTests";
				PRODUCT_NAME = "$(TARGET_NAME)";
				SWIFT_EMIT_LOC_STRINGS = NO;
				SWIFT_VERSION = 5.0;
				TARGETED_DEVICE_FAMILY = "1,2";
				TEST_HOST = "$(BUILT_PRODUCTS_DIR)/Today.app/Today";
			};
			name = Debug;
		};
		28378E5127EDB4630000F8F0 /* Release */ = {
			isa = XCBuildConfiguration;
			buildSettings = {
				ALWAYS_EMBED_SWIFT_STANDARD_LIBRARIES = YES;
				BUNDLE_LOADER = "$(TEST_HOST)";
				CODE_SIGN_STYLE = Automatic;
				CURRENT_PROJECT_VERSION = 1;
				DEVELOPMENT_TEAM = D36U9R66JG;
				GENERATE_INFOPLIST_FILE = YES;
				IPHONEOS_DEPLOYMENT_TARGET = 15.2;
				MARKETING_VERSION = 1.0;
				PRODUCT_BUNDLE_IDENTIFIER = "com.m-rn.TodayTests";
				PRODUCT_NAME = "$(TARGET_NAME)";
				SWIFT_EMIT_LOC_STRINGS = NO;
				SWIFT_VERSION = 5.0;
				TARGETED_DEVICE_FAMILY = "1,2";
				TEST_HOST = "$(BUILT_PRODUCTS_DIR)/Today.app/Today";
			};
			name = Release;
		};
		28378E5327EDB4630000F8F0 /* Debug */ = {
			isa = XCBuildConfiguration;
			buildSettings = {
				ALWAYS_EMBED_SWIFT_STANDARD_LIBRARIES = YES;
				CODE_SIGN_STYLE = Automatic;
				CURRENT_PROJECT_VERSION = 1;
				DEVELOPMENT_TEAM = D36U9R66JG;
				GENERATE_INFOPLIST_FILE = YES;
				MARKETING_VERSION = 1.0;
				PRODUCT_BUNDLE_IDENTIFIER = "com.m-rn.TodayUITests";
				PRODUCT_NAME = "$(TARGET_NAME)";
				SWIFT_EMIT_LOC_STRINGS = NO;
				SWIFT_VERSION = 5.0;
				TARGETED_DEVICE_FAMILY = "1,2";
				TEST_TARGET_NAME = Today;
			};
			name = Debug;
		};
		28378E5427EDB4630000F8F0 /* Release */ = {
			isa = XCBuildConfiguration;
			buildSettings = {
				ALWAYS_EMBED_SWIFT_STANDARD_LIBRARIES = YES;
				CODE_SIGN_STYLE = Automatic;
				CURRENT_PROJECT_VERSION = 1;
				DEVELOPMENT_TEAM = D36U9R66JG;
				GENERATE_INFOPLIST_FILE = YES;
				MARKETING_VERSION = 1.0;
				PRODUCT_BUNDLE_IDENTIFIER = "com.m-rn.TodayUITests";
				PRODUCT_NAME = "$(TARGET_NAME)";
				SWIFT_EMIT_LOC_STRINGS = NO;
				SWIFT_VERSION = 5.0;
				TARGETED_DEVICE_FAMILY = "1,2";
				TEST_TARGET_NAME = Today;
			};
			name = Release;
		};
/* End XCBuildConfiguration section */

/* Begin XCConfigurationList section */
		28378E1D27EDB45C0000F8F0 /* Build configuration list for PBXProject "Today" */ = {
			isa = XCConfigurationList;
			buildConfigurations = (
				28378E4A27EDB4630000F8F0 /* Debug */,
				28378E4B27EDB4630000F8F0 /* Release */,
			);
			defaultConfigurationIsVisible = 0;
			defaultConfigurationName = Release;
		};
		28378E4C27EDB4630000F8F0 /* Build configuration list for PBXNativeTarget "Today" */ = {
			isa = XCConfigurationList;
			buildConfigurations = (
				28378E4D27EDB4630000F8F0 /* Debug */,
				28378E4E27EDB4630000F8F0 /* Release */,
			);
			defaultConfigurationIsVisible = 0;
			defaultConfigurationName = Release;
		};
		28378E4F27EDB4630000F8F0 /* Build configuration list for PBXNativeTarget "TodayTests" */ = {
			isa = XCConfigurationList;
			buildConfigurations = (
				28378E5027EDB4630000F8F0 /* Debug */,
				28378E5127EDB4630000F8F0 /* Release */,
			);
			defaultConfigurationIsVisible = 0;
			defaultConfigurationName = Release;
		};
		28378E5227EDB4630000F8F0 /* Build configuration list for PBXNativeTarget "TodayUITests" */ = {
			isa = XCConfigurationList;
			buildConfigurations = (
				28378E5327EDB4630000F8F0 /* Debug */,
				28378E5427EDB4630000F8F0 /* Release */,
			);
			defaultConfigurationIsVisible = 0;
			defaultConfigurationName = Release;
		};
/* End XCConfigurationList section */
	};
	rootObject = 28378E1A27EDB45C0000F8F0 /* Project object */;
}
